
Microsoft Visual Studio Solution File, Format Version 12.00
# Visual Studio Version 17
VisualStudioVersion = 17.7.34003.232
MinimumVisualStudioVersion = 10.0.40219.1
Project("{9A19103F-16F7-4668-BE54-9A1E7A4F7556}") = "BlazorWasmClientDemo", "BlazorWasmClientDemo\BlazorWasmClientDemo.csproj", "{48C7B547-E85F-4773-A17B-6AD732D4DBEF}"
EndProject
Project("{9A19103F-16F7-4668-BE54-9A1E7A4F7556}") = "RazorMVCDemo", "RazorMVCDemo\RazorMVCDemo.csproj", "{98C1C06F-53D4-4AD7-9E4C-0052E5BF0B75}"
EndProject
Global
	GlobalSection(SolutionConfigurationPlatforms) = preSolution
		Debug|Any CPU = Debug|Any CPU
		Release|Any CPU = Release|Any CPU
	EndGlobalSection
	GlobalSection(ProjectConfigurationPlatforms) = postSolution
		{48C7B547-E85F-4773-A17B-6AD732D4DBEF}.Debug|Any CPU.ActiveCfg = Debug|Any CPU
		{48C7B547-E85F-4773-A17B-6AD732D4DBEF}.Debug|Any CPU.Build.0 = Debug|Any CPU
		{48C7B547-E85F-4773-A17B-6AD732D4DBEF}.Release|Any CPU.ActiveCfg = Release|Any CPU
		{48C7B547-E85F-4773-A17B-6AD732D4DBEF}.Release|Any CPU.Build.0 = Release|Any CPU
		{98C1C06F-53D4-4AD7-9E4C-0052E5BF0B75}.Debug|Any CPU.ActiveCfg = Debug|Any CPU
		{98C1C06F-53D4-4AD7-9E4C-0052E5BF0B75}.Debug|Any CPU.Build.0 = Debug|Any CPU
		{98C1C06F-53D4-4AD7-9E4C-0052E5BF0B75}.Release|Any CPU.ActiveCfg = Release|Any CPU
		{98C1C06F-53D4-4AD7-9E4C-0052E5BF0B75}.Release|Any CPU.Build.0 = Release|Any CPU
	EndGlobalSection
	GlobalSection(SolutionProperties) = preSolution
		HideSolutionNode = FALSE
	EndGlobalSection
	GlobalSection(ExtensibilityGlobals) = postSolution
		SolutionGuid = {780B2BD0-585A-471B-801D-5F85ADFFC9B8}
	EndGlobalSection
EndGlobal
