
Microsoft Visual Studio Solution File, Format Version 12.00
# Visual Studio Version 17
VisualStudioVersion = 17.7.34003.232
MinimumVisualStudioVersion = 10.0.40219.1
Project("{2150E333-8FDC-42A3-9474-1A3956D46DE8}") = "LightPoint01.Domain", "LightPoint01.Domain", "{E769D507-78EE-43D1-876C-019FBDDBF961}"
EndProject
Project("{2150E333-8FDC-42A3-9474-1A3956D46DE8}") = "LightPoint03.Application", "LightPoint03.Application", "{C8990198-21DB-46D5-921F-DC574B9055AB}"
EndProject
Project("{2150E333-8FDC-42A3-9474-1A3956D46DE8}") = "LightPoint02.Infrastructure", "LightPoint02.Infrastructure", "{5A0A8062-CAF4-4341-87E6-4509FA8827EC}"
EndProject
Project("{9A19103F-16F7-4668-BE54-9A1E7A4F7556}") = "LightPoint.IdentityServer.Infrastructure", "LightPoint.IdentityServer.Infrastructure\LightPoint.IdentityServer.Infrastructure.csproj", "{23FDA07B-7440-4426-9BDF-D1C47AE20B1A}"
EndProject
Project("{9A19103F-16F7-4668-BE54-9A1E7A4F7556}") = "LightPoint.IdentityServer.DtoModels", "LightPoint.IdentityServer.DtoModels\LightPoint.IdentityServer.DtoModels.csproj", "{2BA4038A-0706-4250-A92D-6C55BAFC1EE7}"
EndProject
Project("{9A19103F-16F7-4668-BE54-9A1E7A4F7556}") = "LightPoint.IdentityServer.Blazor", "LightPoint.IdentityServer.Blazor\LightPoint.IdentityServer.Blazor.csproj", "{4AFB1C9D-6F78-4D05-9CDC-9EBA60D15ECD}"
EndProject
Project("{9A19103F-16F7-4668-BE54-9A1E7A4F7556}") = "LightPoint.IdentityServer.Blazor.QuickStart.Server.IdentityServer4", "LightPoint.IdentityServer.Blazor.QuickStart\LightPoint.IdentityServer.Blazor.QuickStart.Server.IdentityServer4.csproj", "{B92FB868-3786-403B-A19B-C89341B9DB10}"
EndProject
Project("{2150E333-8FDC-42A3-9474-1A3956D46DE8}") = "Application02.Infrastructure", "Application02.Infrastructure", "{20372D90-7834-490F-BF52-0B64FB89DC6C}"
EndProject
Project("{2150E333-8FDC-42A3-9474-1A3956D46DE8}") = "Application01.DtoServices", "Application01.DtoServices", "{0569F77D-A9BB-4FB7-8E7C-A2241CFD7CBE}"
EndProject
Project("{2150E333-8FDC-42A3-9474-1A3956D46DE8}") = "Application03.Demo", "Application03.Demo", "{3B32603B-B5E0-4457-882A-317C935B7FFF}"
EndProject
Project("{9A19103F-16F7-4668-BE54-9A1E7A4F7556}") = "LightPoint.IdentityServer.Domain", "LightPoint.IdentityServer.Domain\LightPoint.IdentityServer.Domain.csproj", "{A8DB1109-0279-41C1-9EC7-10F003C9E1E4}"
EndProject
Project("{9A19103F-16F7-4668-BE54-9A1E7A4F7556}") = "LightPoint.IdentityServer.DtoServices", "LightPoint.IdentityServer.DtoServices\LightPoint.IdentityServer.DtoServices.csproj", "{4A27C8AE-3742-4D12-A9E9-91BB6CE056D4}"
EndProject
Project("{9A19103F-16F7-4668-BE54-9A1E7A4F7556}") = "LightPoint.IdentityServer.Shared", "LightPoint.IdentityServer.Shared\LightPoint.IdentityServer.Shared.csproj", "{853EB3FF-0EB6-405B-AB95-A9C879FBF5CC}"
EndProject
Project("{9A19103F-16F7-4668-BE54-9A1E7A4F7556}") = "LightPoint.IdentityServer.ServerInfrastructure", "LightPoint.IdentityServer.ServerInfrastructure\LightPoint.IdentityServer.ServerInfrastructure.csproj", "{372727F4-27B9-46A0-AB19-A1525970A8F4}"
EndProject
Project("{9A19103F-16F7-4668-BE54-9A1E7A4F7556}") = "LightPoint.IdentityServer.Blazor.QuickStart.Foundation", "LightPoint.IdentityServer.Blazor.QuickStart.Foundation\LightPoint.IdentityServer.Blazor.QuickStart.Foundation.csproj", "{ACE2073C-F926-4293-9F42-A06D9761E80C}"
EndProject
Project("{9A19103F-16F7-4668-BE54-9A1E7A4F7556}") = "LightPoint.IdentityServer.Blazor.QuickStart.Server.OpenIddict", "LightPoint.IdentityServer.Blazor.QuickStart.Server.OpenIddict\LightPoint.IdentityServer.Blazor.QuickStart.Server.OpenIddict.csproj", "{B666922A-4461-48B3-86E7-D0AC4B414CA9}"
EndProject
Project("{2150E333-8FDC-42A3-9474-1A3956D46DE8}") = "Application04.ClientDemo", "Application04.ClientDemo", "{6F435A3E-C4F3-402E-BE89-2C63933FF91E}"
EndProject
Project("{9A19103F-16F7-4668-BE54-9A1E7A4F7556}") = "BlazorWasmClientDemo", "BlazorWasmClientDemo\BlazorWasmClientDemo.csproj", "{48C7B547-E85F-4773-A17B-6AD732D4DBEF}"
EndProject
Project("{9A19103F-16F7-4668-BE54-9A1E7A4F7556}") = "RazorMVCDemo", "RazorMVCDemo\RazorMVCDemo.csproj", "{98C1C06F-53D4-4AD7-9E4C-0052E5BF0B75}"
EndProject
Global
	GlobalSection(SolutionConfigurationPlatforms) = preSolution
		Debug|Any CPU = Debug|Any CPU
		Release|Any CPU = Release|Any CPU
	EndGlobalSection
	GlobalSection(ProjectConfigurationPlatforms) = postSolution
		{23FDA07B-7440-4426-9BDF-D1C47AE20B1A}.Debug|Any CPU.ActiveCfg = Debug|Any CPU
		{23FDA07B-7440-4426-9BDF-D1C47AE20B1A}.Debug|Any CPU.Build.0 = Debug|Any CPU
		{23FDA07B-7440-4426-9BDF-D1C47AE20B1A}.Release|Any CPU.ActiveCfg = Release|Any CPU
		{23FDA07B-7440-4426-9BDF-D1C47AE20B1A}.Release|Any CPU.Build.0 = Release|Any CPU
		{2BA4038A-0706-4250-A92D-6C55BAFC1EE7}.Debug|Any CPU.ActiveCfg = Debug|Any CPU
		{2BA4038A-0706-4250-A92D-6C55BAFC1EE7}.Debug|Any CPU.Build.0 = Debug|Any CPU
		{2BA4038A-0706-4250-A92D-6C55BAFC1EE7}.Release|Any CPU.ActiveCfg = Release|Any CPU
		{2BA4038A-0706-4250-A92D-6C55BAFC1EE7}.Release|Any CPU.Build.0 = Release|Any CPU
		{4AFB1C9D-6F78-4D05-9CDC-9EBA60D15ECD}.Debug|Any CPU.ActiveCfg = Debug|Any CPU
		{4AFB1C9D-6F78-4D05-9CDC-9EBA60D15ECD}.Debug|Any CPU.Build.0 = Debug|Any CPU
		{4AFB1C9D-6F78-4D05-9CDC-9EBA60D15ECD}.Release|Any CPU.ActiveCfg = Release|Any CPU
		{4AFB1C9D-6F78-4D05-9CDC-9EBA60D15ECD}.Release|Any CPU.Build.0 = Release|Any CPU
		{B92FB868-3786-403B-A19B-C89341B9DB10}.Debug|Any CPU.ActiveCfg = Debug|Any CPU
		{B92FB868-3786-403B-A19B-C89341B9DB10}.Debug|Any CPU.Build.0 = Debug|Any CPU
		{B92FB868-3786-403B-A19B-C89341B9DB10}.Release|Any CPU.ActiveCfg = Release|Any CPU
		{B92FB868-3786-403B-A19B-C89341B9DB10}.Release|Any CPU.Build.0 = Release|Any CPU
		{A8DB1109-0279-41C1-9EC7-10F003C9E1E4}.Debug|Any CPU.ActiveCfg = Debug|Any CPU
		{A8DB1109-0279-41C1-9EC7-10F003C9E1E4}.Debug|Any CPU.Build.0 = Debug|Any CPU
		{A8DB1109-0279-41C1-9EC7-10F003C9E1E4}.Release|Any CPU.ActiveCfg = Release|Any CPU
		{A8DB1109-0279-41C1-9EC7-10F003C9E1E4}.Release|Any CPU.Build.0 = Release|Any CPU
		{4A27C8AE-3742-4D12-A9E9-91BB6CE056D4}.Debug|Any CPU.ActiveCfg = Debug|Any CPU
		{4A27C8AE-3742-4D12-A9E9-91BB6CE056D4}.Debug|Any CPU.Build.0 = Debug|Any CPU
		{4A27C8AE-3742-4D12-A9E9-91BB6CE056D4}.Release|Any CPU.ActiveCfg = Release|Any CPU
		{4A27C8AE-3742-4D12-A9E9-91BB6CE056D4}.Release|Any CPU.Build.0 = Release|Any CPU
		{853EB3FF-0EB6-405B-AB95-A9C879FBF5CC}.Debug|Any CPU.ActiveCfg = Debug|Any CPU
		{853EB3FF-0EB6-405B-AB95-A9C879FBF5CC}.Debug|Any CPU.Build.0 = Debug|Any CPU
		{853EB3FF-0EB6-405B-AB95-A9C879FBF5CC}.Release|Any CPU.ActiveCfg = Release|Any CPU
		{853EB3FF-0EB6-405B-AB95-A9C879FBF5CC}.Release|Any CPU.Build.0 = Release|Any CPU
		{372727F4-27B9-46A0-AB19-A1525970A8F4}.Debug|Any CPU.ActiveCfg = Debug|Any CPU
		{372727F4-27B9-46A0-AB19-A1525970A8F4}.Debug|Any CPU.Build.0 = Debug|Any CPU
		{372727F4-27B9-46A0-AB19-A1525970A8F4}.Release|Any CPU.ActiveCfg = Release|Any CPU
		{372727F4-27B9-46A0-AB19-A1525970A8F4}.Release|Any CPU.Build.0 = Release|Any CPU
		{ACE2073C-F926-4293-9F42-A06D9761E80C}.Debug|Any CPU.ActiveCfg = Debug|Any CPU
		{ACE2073C-F926-4293-9F42-A06D9761E80C}.Debug|Any CPU.Build.0 = Debug|Any CPU
		{ACE2073C-F926-4293-9F42-A06D9761E80C}.Release|Any CPU.ActiveCfg = Release|Any CPU
		{ACE2073C-F926-4293-9F42-A06D9761E80C}.Release|Any CPU.Build.0 = Release|Any CPU
		{B666922A-4461-48B3-86E7-D0AC4B414CA9}.Debug|Any CPU.ActiveCfg = Debug|Any CPU
		{B666922A-4461-48B3-86E7-D0AC4B414CA9}.Debug|Any CPU.Build.0 = Debug|Any CPU
		{B666922A-4461-48B3-86E7-D0AC4B414CA9}.Release|Any CPU.ActiveCfg = Release|Any CPU
		{B666922A-4461-48B3-86E7-D0AC4B414CA9}.Release|Any CPU.Build.0 = Release|Any CPU
		{48C7B547-E85F-4773-A17B-6AD732D4DBEF}.Debug|Any CPU.ActiveCfg = Debug|Any CPU
		{48C7B547-E85F-4773-A17B-6AD732D4DBEF}.Debug|Any CPU.Build.0 = Debug|Any CPU
		{48C7B547-E85F-4773-A17B-6AD732D4DBEF}.Release|Any CPU.ActiveCfg = Release|Any CPU
		{48C7B547-E85F-4773-A17B-6AD732D4DBEF}.Release|Any CPU.Build.0 = Release|Any CPU
		{98C1C06F-53D4-4AD7-9E4C-0052E5BF0B75}.Debug|Any CPU.ActiveCfg = Debug|Any CPU
		{98C1C06F-53D4-4AD7-9E4C-0052E5BF0B75}.Debug|Any CPU.Build.0 = Debug|Any CPU
		{98C1C06F-53D4-4AD7-9E4C-0052E5BF0B75}.Release|Any CPU.ActiveCfg = Release|Any CPU
		{98C1C06F-53D4-4AD7-9E4C-0052E5BF0B75}.Release|Any CPU.Build.0 = Release|Any CPU
	EndGlobalSection
	GlobalSection(SolutionProperties) = preSolution
		HideSolutionNode = FALSE
	EndGlobalSection
	GlobalSection(NestedProjects) = preSolution
		{23FDA07B-7440-4426-9BDF-D1C47AE20B1A} = {5A0A8062-CAF4-4341-87E6-4509FA8827EC}
		{2BA4038A-0706-4250-A92D-6C55BAFC1EE7} = {0569F77D-A9BB-4FB7-8E7C-A2241CFD7CBE}
		{4AFB1C9D-6F78-4D05-9CDC-9EBA60D15ECD} = {20372D90-7834-490F-BF52-0B64FB89DC6C}
		{B92FB868-3786-403B-A19B-C89341B9DB10} = {3B32603B-B5E0-4457-882A-317C935B7FFF}
		{20372D90-7834-490F-BF52-0B64FB89DC6C} = {C8990198-21DB-46D5-921F-DC574B9055AB}
		{0569F77D-A9BB-4FB7-8E7C-A2241CFD7CBE} = {C8990198-21DB-46D5-921F-DC574B9055AB}
		{3B32603B-B5E0-4457-882A-317C935B7FFF} = {C8990198-21DB-46D5-921F-DC574B9055AB}
		{A8DB1109-0279-41C1-9EC7-10F003C9E1E4} = {E769D507-78EE-43D1-876C-019FBDDBF961}
		{4A27C8AE-3742-4D12-A9E9-91BB6CE056D4} = {0569F77D-A9BB-4FB7-8E7C-A2241CFD7CBE}
		{853EB3FF-0EB6-405B-AB95-A9C879FBF5CC} = {E769D507-78EE-43D1-876C-019FBDDBF961}
		{372727F4-27B9-46A0-AB19-A1525970A8F4} = {20372D90-7834-490F-BF52-0B64FB89DC6C}
		{ACE2073C-F926-4293-9F42-A06D9761E80C} = {3B32603B-B5E0-4457-882A-317C935B7FFF}
		{B666922A-4461-48B3-86E7-D0AC4B414CA9} = {3B32603B-B5E0-4457-882A-317C935B7FFF}
		{6F435A3E-C4F3-402E-BE89-2C63933FF91E} = {C8990198-21DB-46D5-921F-DC574B9055AB}
		{48C7B547-E85F-4773-A17B-6AD732D4DBEF} = {6F435A3E-C4F3-402E-BE89-2C63933FF91E}
		{98C1C06F-53D4-4AD7-9E4C-0052E5BF0B75} = {6F435A3E-C4F3-402E-BE89-2C63933FF91E}
	EndGlobalSection
	GlobalSection(ExtensibilityGlobals) = postSolution
		SolutionGuid = {780B2BD0-585A-471B-801D-5F85ADFFC9B8}
	EndGlobalSection
EndGlobal
